
Microsoft Visual Studio Solution File, Format Version 12.00
# Visual Studio Version 17
VisualStudioVersion = 17.8.34322.80
MinimumVisualStudioVersion = 10.0.40219.1
Project("{FAE04EC0-301F-11D3-BF4B-00C04F79EFBC}") = "CatClient", "StoicClient\CatClient.csproj", "{C040B7BC-3245-41CB-AE8B-741F0D8C7D19}"
EndProject
Global
	GlobalSection(SolutionConfigurationPlatforms) = preSolution
		Debug|Any CPU = Debug|Any CPU
		Release|Any CPU = Release|Any CPU
	EndGlobalSection
	GlobalSection(ProjectConfigurationPlatforms) = postSolution
		{C040B7BC-3245-41CB-AE8B-741F0D8C7D19}.Debug|Any CPU.ActiveCfg = Debug|Any CPU
		{C040B7BC-3245-41CB-AE8B-741F0D8C7D19}.Debug|Any CPU.Build.0 = Debug|Any CPU
		{C040B7BC-3245-41CB-AE8B-741F0D8C7D19}.Release|Any CPU.ActiveCfg = Release|Any CPU
		{C040B7BC-3245-41CB-AE8B-741F0D8C7D19}.Release|Any CPU.Build.0 = Release|Any CPU
	EndGlobalSection
	GlobalSection(SolutionProperties) = preSolution
		HideSolutionNode = FALSE
	EndGlobalSection
	GlobalSection(ExtensibilityGlobals) = postSolution
		SolutionGuid = {B1DA8E01-0A79-4538-8E01-A7F3297DC0FC}
	EndGlobalSection
EndGlobal
